
Microsoft Visual Studio Solution File, Format Version 12.00
Project("{FAE04EC0-301F-11D3-BF4B-00C04F79EFBC}") = "Core", "Core\Core.csproj", "{1FDF6C93-B783-46DB-8A0A-466957A48B0C}"
EndProject
Project("{FAE04EC0-301F-11D3-BF4B-00C04F79EFBC}") = "Host", "Host\Host.csproj", "{532A7F66-07F9-48A5-AE3F-1EEB0AA57647}"
EndProject
Global
	GlobalSection(SolutionConfigurationPlatforms) = preSolution
		Debug|Any CPU = Debug|Any CPU
		Release|Any CPU = Release|Any CPU
	EndGlobalSection
	GlobalSection(ProjectConfigurationPlatforms) = postSolution
		{1FDF6C93-B783-46DB-8A0A-466957A48B0C}.Debug|Any CPU.ActiveCfg = Debug|Any CPU
		{1FDF6C93-B783-46DB-8A0A-466957A48B0C}.Debug|Any CPU.Build.0 = Debug|Any CPU
		{1FDF6C93-B783-46DB-8A0A-466957A48B0C}.Release|Any CPU.ActiveCfg = Release|Any CPU
		{1FDF6C93-B783-46DB-8A0A-466957A48B0C}.Release|Any CPU.Build.0 = Release|Any CPU
		{532A7F66-07F9-48A5-AE3F-1EEB0AA57647}.Debug|Any CPU.ActiveCfg = Debug|Any CPU
		{532A7F66-07F9-48A5-AE3F-1EEB0AA57647}.Debug|Any CPU.Build.0 = Debug|Any CPU
		{532A7F66-07F9-48A5-AE3F-1EEB0AA57647}.Release|Any CPU.ActiveCfg = Release|Any CPU
		{532A7F66-07F9-48A5-AE3F-1EEB0AA57647}.Release|Any CPU.Build.0 = Release|Any CPU
	EndGlobalSection
EndGlobal
